
Microsoft Visual Studio Solution File, Format Version 12.00
# Visual Studio Version 16
VisualStudioVersion = 16.0.30204.135
MinimumVisualStudioVersion = 10.0.40219.1
Project("{9A19103F-16F7-4668-BE54-9A1E7A4F7556}") = "WebAppCore31", "WebAppCore31\WebAppCore31.csproj", "{944DDD68-AF5B-4319-ABC6-FD9878C9EA69}"
EndProject
Project("{9A19103F-16F7-4668-BE54-9A1E7A4F7556}") = "FileServerConsoleApp", "FileServerConsoleApp\FileServerConsoleApp.csproj", "{240059FE-BE48-425B-9045-F44992798765}"
EndProject
Project("{2150E333-8FDC-42A3-9474-1A3956D46DE8}") = "Solution Items", "Solution Items", "{144FEF19-CBCB-4BDC-B2F4-DEE42AA55E75}"
	ProjectSection(SolutionItems) = preProject
		WebAppCore31\ReadMe\CreateTempTable.sql = WebAppCore31\ReadMe\CreateTempTable.sql
		WebAppCore31\ReadMe\GetFile.sql = WebAppCore31\ReadMe\GetFile.sql
		WebAppCore31\ReadMe\InsertFile.sql = WebAppCore31\ReadMe\InsertFile.sql
		Sedna_FileStream Database.sql = Sedna_FileStream Database.sql
	EndProjectSection
EndProject
Project("{9A19103F-16F7-4668-BE54-9A1E7A4F7556}") = "WebApiCore31", "WebApiCore31\WebApiCore31.csproj", "{CA777F6E-59A2-4B9B-B24D-8B4000AA76B3}"
EndProject
Global
	GlobalSection(SolutionConfigurationPlatforms) = preSolution
		Debug|Any CPU = Debug|Any CPU
		Release|Any CPU = Release|Any CPU
	EndGlobalSection
	GlobalSection(ProjectConfigurationPlatforms) = postSolution
		{944DDD68-AF5B-4319-ABC6-FD9878C9EA69}.Debug|Any CPU.ActiveCfg = Debug|Any CPU
		{944DDD68-AF5B-4319-ABC6-FD9878C9EA69}.Debug|Any CPU.Build.0 = Debug|Any CPU
		{944DDD68-AF5B-4319-ABC6-FD9878C9EA69}.Release|Any CPU.ActiveCfg = Release|Any CPU
		{944DDD68-AF5B-4319-ABC6-FD9878C9EA69}.Release|Any CPU.Build.0 = Release|Any CPU
		{240059FE-BE48-425B-9045-F44992798765}.Debug|Any CPU.ActiveCfg = Debug|Any CPU
		{240059FE-BE48-425B-9045-F44992798765}.Debug|Any CPU.Build.0 = Debug|Any CPU
		{240059FE-BE48-425B-9045-F44992798765}.Release|Any CPU.ActiveCfg = Release|Any CPU
		{240059FE-BE48-425B-9045-F44992798765}.Release|Any CPU.Build.0 = Release|Any CPU
		{CA777F6E-59A2-4B9B-B24D-8B4000AA76B3}.Debug|Any CPU.ActiveCfg = Debug|Any CPU
		{CA777F6E-59A2-4B9B-B24D-8B4000AA76B3}.Debug|Any CPU.Build.0 = Debug|Any CPU
		{CA777F6E-59A2-4B9B-B24D-8B4000AA76B3}.Release|Any CPU.ActiveCfg = Release|Any CPU
		{CA777F6E-59A2-4B9B-B24D-8B4000AA76B3}.Release|Any CPU.Build.0 = Release|Any CPU
	EndGlobalSection
	GlobalSection(SolutionProperties) = preSolution
		HideSolutionNode = FALSE
	EndGlobalSection
	GlobalSection(ExtensibilityGlobals) = postSolution
		SolutionGuid = {E2E82F97-D2CA-4FE6-B299-6621EA28D2D5}
	EndGlobalSection
EndGlobal
